
Microsoft Visual Studio Solution File, Format Version 12.00
# Visual Studio Version 17
VisualStudioVersion = 17.5.33530.505
MinimumVisualStudioVersion = 10.0.40219.1
Project("{FAE04EC0-301F-11D3-BF4B-00C04F79EFBC}") = "Assignment 1", "Assignment 1.csproj", "{A7229EE9-425C-4AE3-9705-EAD8DF3C4B8E}"
EndProject
Global
	GlobalSection(SolutionConfigurationPlatforms) = preSolution
		Debug|Any CPU = Debug|Any CPU
		Release|Any CPU = Release|Any CPU
	EndGlobalSection
	GlobalSection(ProjectConfigurationPlatforms) = postSolution
		{A7229EE9-425C-4AE3-9705-EAD8DF3C4B8E}.Debug|Any CPU.ActiveCfg = Debug|Any CPU
		{A7229EE9-425C-4AE3-9705-EAD8DF3C4B8E}.Debug|Any CPU.Build.0 = Debug|Any CPU
		{A7229EE9-425C-4AE3-9705-EAD8DF3C4B8E}.Release|Any CPU.ActiveCfg = Release|Any CPU
		{A7229EE9-425C-4AE3-9705-EAD8DF3C4B8E}.Release|Any CPU.Build.0 = Release|Any CPU
	EndGlobalSection
	GlobalSection(SolutionProperties) = preSolution
		HideSolutionNode = FALSE
	EndGlobalSection
	GlobalSection(ExtensibilityGlobals) = postSolution
		SolutionGuid = {E55563D2-263D-4398-868D-972D14C77502}
	EndGlobalSection
EndGlobal
